Microsoft Visual Studio Solution File, Format Version 12.00
# Visual Studio Version 17
VisualStudioVersion = 17.5.2.0
MinimumVisualStudioVersion = 10.0.40219.1
Project("{FAE04EC0-301F-11D3-BF4B-00C04F79EFBC}") = "Electricity Bill Calculator", "Electricity Bill Calculator.csproj", "{79349F9F-8147-7224-DE3C-EC0F18A96FA6}"
EndProject
Global
	GlobalSection(SolutionConfigurationPlatforms) = preSolution
		Debug|Any CPU = Debug|Any CPU
		Release|Any CPU = Release|Any CPU
	EndGlobalSection
	GlobalSection(ProjectConfigurationPlatforms) = postSolution
		{79349F9F-8147-7224-DE3C-EC0F18A96FA6}.Debug|Any CPU.ActiveCfg = Debug|Any CPU
		{79349F9F-8147-7224-DE3C-EC0F18A96FA6}.Debug|Any CPU.Build.0 = Debug|Any CPU
		{79349F9F-8147-7224-DE3C-EC0F18A96FA6}.Release|Any CPU.ActiveCfg = Release|Any CPU
		{79349F9F-8147-7224-DE3C-EC0F18A96FA6}.Release|Any CPU.Build.0 = Release|Any CPU
	EndGlobalSection
	GlobalSection(SolutionProperties) = preSolution
		HideSolutionNode = FALSE
	EndGlobalSection
	GlobalSection(ExtensibilityGlobals) = postSolution
		SolutionGuid = {5EABEA7B-C3A4-4F58-B843-86886412910E}
	EndGlobalSection
EndGlobal
